{
    "_meta": {
        "hash": {
            "sha256": "d686592039f93e731483daec1f6f5a6de6aad49289bfb237d6eca9fc29d3374b"
        },
        "pipfile-spec": 6,
        "requires": {
            "python_version": "3.6"
        },
        "sources": [
            {
                "name": "pypi",
                "url": "https://pypi.org/simple",
                "verify_ssl": true
            }
        ]
    },
    "default": {
        "src": {
            "editable": true,
            "path": "./src"
        }
    },
    "develop": {}
}
